// !$*UTF8*$!
{
	archiveVersion = 1;
	classes = {
	};
	objectVersion = 55;
	objects = {

/* Begin PBXBuildFile section */
		ADDCDCDA29AA110F00AA0EAD /* AppDelegate.swift in Sources */ = {isa = PBXBuildFile; fileRef = ADDCDCD929AA110F00AA0EAD /* AppDelegate.swift */; };
		ADDCDCDC29AA110F00AA0EAD /* SceneDelegate.swift in Sources */ = {isa = PBXBuildFile; fileRef = ADDCDCDB29AA110F00AA0EAD /* SceneDelegate.swift */; };
		ADDCDCDE29AA110F00AA0EAD /* RMTabBarController.swift in Sources */ = {isa = PBXBuildFile; fileRef = ADDCDCDD29AA110F00AA0EAD /* RMTabBarController.swift */; };
		ADDCDCE329AA111400AA0EAD /* Assets.xcassets in Resources */ = {isa = PBXBuildFile; fileRef = ADDCDCE229AA111400AA0EAD /* Assets.xcassets */; };
		ADDCDCE629AA111400AA0EAD /* LaunchScreen.storyboard in Resources */ = {isa = PBXBuildFile; fileRef = ADDCDCE429AA111400AA0EAD /* LaunchScreen.storyboard */; };
		ADDCDCF529AA164600AA0EAD /* RMLocation.swift in Sources */ = {isa = PBXBuildFile; fileRef = ADDCDCF429AA164600AA0EAD /* RMLocation.swift */; };
		ADDCDCF729AA165400AA0EAD /* RMCharacter.swift in Sources */ = {isa = PBXBuildFile; fileRef = ADDCDCF629AA165400AA0EAD /* RMCharacter.swift */; };
		ADDCDCF929AA166B00AA0EAD /* RMEpisode.swift in Sources */ = {isa = PBXBuildFile; fileRef = ADDCDCF829AA166B00AA0EAD /* RMEpisode.swift */; };
		ADDCDCFC29AA172D00AA0EAD /* RMEpisodeViewController.swift in Sources */ = {isa = PBXBuildFile; fileRef = ADDCDCFB29AA172D00AA0EAD /* RMEpisodeViewController.swift */; };
		ADDCDCFE29AA173A00AA0EAD /* RMCharacterViewController.swift in Sources */ = {isa = PBXBuildFile; fileRef = ADDCDCFD29AA173A00AA0EAD /* RMCharacterViewController.swift */; };
		ADDCDD0029AA174600AA0EAD /* RMLocationViewController.swift in Sources */ = {isa = PBXBuildFile; fileRef = ADDCDCFF29AA174600AA0EAD /* RMLocationViewController.swift */; };
		ADDCDD0229AA176700AA0EAD /* RMSettingsViewController.swift in Sources */ = {isa = PBXBuildFile; fileRef = ADDCDD0129AA176700AA0EAD /* RMSettingsViewController.swift */; };
		ADDCDD0429AA29B100AA0EAD /* RMService.swift in Sources */ = {isa = PBXBuildFile; fileRef = ADDCDD0329AA29B100AA0EAD /* RMService.swift */; };
		ADDCDD0629AA29D200AA0EAD /* RMRequest.swift in Sources */ = {isa = PBXBuildFile; fileRef = ADDCDD0529AA29D200AA0EAD /* RMRequest.swift */; };
		ADDCDD0829AA2AC400AA0EAD /* RMEndpoint.swift in Sources */ = {isa = PBXBuildFile; fileRef = ADDCDD0729AA2AC400AA0EAD /* RMEndpoint.swift */; };
		ADDCDD0A29AA32A900AA0EAD /* RMOrigin.swift in Sources */ = {isa = PBXBuildFile; fileRef = ADDCDD0929AA32A900AA0EAD /* RMOrigin.swift */; };
		ADDCDD0C29AA333A00AA0EAD /* RMSingleLocation.swift in Sources */ = {isa = PBXBuildFile; fileRef = ADDCDD0B29AA333A00AA0EAD /* RMSingleLocation.swift */; };
		ADDCDD1029AA7F4200AA0EAD /* RMGetAllCharactersResponse.swift in Sources */ = {isa = PBXBuildFile; fileRef = ADDCDD0F29AA7F4200AA0EAD /* RMGetAllCharactersResponse.swift */; };
		ADDCDD1229AA8BF800AA0EAD /* RMCharacterListViewViewModel.swift in Sources */ = {isa = PBXBuildFile; fileRef = ADDCDD1129AA8BF800AA0EAD /* RMCharacterListViewViewModel.swift */; };
		ADDCDD1429AA8C9B00AA0EAD /* RMCharacterListView.swift in Sources */ = {isa = PBXBuildFile; fileRef = ADDCDD1329AA8C9B00AA0EAD /* RMCharacterListView.swift */; };
		ADDCDD1629AA90A400AA0EAD /* Extensions.swift in Sources */ = {isa = PBXBuildFile; fileRef = ADDCDD1529AA90A400AA0EAD /* Extensions.swift */; };
		ADDCDD1829AA978B00AA0EAD /* RmCharacterCollectionViewCell.swift in Sources */ = {isa = PBXBuildFile; fileRef = ADDCDD1729AA978B00AA0EAD /* RmCharacterCollectionViewCell.swift */; };
		ADDCDD1A29AA98AF00AA0EAD /* RmCharacterCollectionViewCellViewModel.swift in Sources */ = {isa = PBXBuildFile; fileRef = ADDCDD1929AA98AF00AA0EAD /* RmCharacterCollectionViewCellViewModel.swift */; };
		ADDCDD1C29AB38DE00AA0EAD /* RMCharacterDetailViewController.swift in Sources */ = {isa = PBXBuildFile; fileRef = ADDCDD1B29AB38DE00AA0EAD /* RMCharacterDetailViewController.swift */; };
		ADDCDD1F29AB3D8400AA0EAD /* RMCharacterDetailView.swift in Sources */ = {isa = PBXBuildFile; fileRef = ADDCDD1E29AB3D8400AA0EAD /* RMCharacterDetailView.swift */; };
		ADDCDD2129AB3DC500AA0EAD /* RMCharacterDetailViewViewModel.swift in Sources */ = {isa = PBXBuildFile; fileRef = ADDCDD2029AB3DC500AA0EAD /* RMCharacterDetailViewViewModel.swift */; };
		ADDCDD2329AB466E00AA0EAD /* RMFooterLoadingCollectionReusableView.swift in Sources */ = {isa = PBXBuildFile; fileRef = ADDCDD2229AB466E00AA0EAD /* RMFooterLoadingCollectionReusableView.swift */; };
		ADDCDD2529AB956100AA0EAD /* RMImageLoader.swift in Sources */ = {isa = PBXBuildFile; fileRef = ADDCDD2429AB956100AA0EAD /* RMImageLoader.swift */; };
/* End PBXBuildFile section */

/* Begin PBXFileReference section */
		ADDCDCD629AA110F00AA0EAD /* RickAndMorty.app */ = {isa = PBXFileReference; explicitFileType = wrapper.application; includeInIndex = 0; path = RickAndMorty.app; sourceTree = BUILT_PRODUCTS_DIR; };
		ADDCDCD929AA110F00AA0EAD /* AppDelegate.swift */ = {isa = PBXFileReference; lastKnownFileType = sourcecode.swift; path = AppDelegate.swift; sourceTree = "<group>"; };
		ADDCDCDB29AA110F00AA0EAD /* SceneDelegate.swift */ = {isa = PBXFileReference; lastKnownFileType = sourcecode.swift; path = SceneDelegate.swift; sourceTree = "<group>"; };
		ADDCDCDD29AA110F00AA0EAD /* RMTabBarController.swift */ = {isa = PBXFileReference; lastKnownFileType = sourcecode.swift; path = RMTabBarController.swift; sourceTree = "<group>"; };
		ADDCDCE229AA111400AA0EAD /* Assets.xcassets */ = {isa = PBXFileReference; lastKnownFileType = folder.assetcatalog; path = Assets.xcassets; sourceTree = "<group>"; };
		ADDCDCE529AA111400AA0EAD /* Base */ = {isa = PBXFileReference; lastKnownFileType = file.storyboard; name = Base; path = Base.lproj/LaunchScreen.storyboard; sourceTree = "<group>"; };
		ADDCDCE729AA111400AA0EAD /* Info.plist */ = {isa = PBXFileReference; lastKnownFileType = text.plist.xml; path = Info.plist; sourceTree = "<group>"; };
		ADDCDCF429AA164600AA0EAD /* RMLocation.swift */ = {isa = PBXFileReference; lastKnownFileType = sourcecode.swift; path = RMLocation.swift; sourceTree = "<group>"; };
		ADDCDCF629AA165400AA0EAD /* RMCharacter.swift */ = {isa = PBXFileReference; lastKnownFileType = sourcecode.swift; path = RMCharacter.swift; sourceTree = "<group>"; };
		ADDCDCF829AA166B00AA0EAD /* RMEpisode.swift */ = {isa = PBXFileReference; lastKnownFileType = sourcecode.swift; path = RMEpisode.swift; sourceTree = "<group>"; };
		ADDCDCFB29AA172D00AA0EAD /* RMEpisodeViewController.swift */ = {isa = PBXFileReference; lastKnownFileType = sourcecode.swift; path = RMEpisodeViewController.swift; sourceTree = "<group>"; };
		ADDCDCFD29AA173A00AA0EAD /* RMCharacterViewController.swift */ = {isa = PBXFileReference; lastKnownFileType = sourcecode.swift; path = RMCharacterViewController.swift; sourceTree = "<group>"; };
		ADDCDCFF29AA174600AA0EAD /* RMLocationViewController.swift */ = {isa = PBXFileReference; lastKnownFileType = sourcecode.swift; path = RMLocationViewController.swift; sourceTree = "<group>"; };
		ADDCDD0129AA176700AA0EAD /* RMSettingsViewController.swift */ = {isa = PBXFileReference; lastKnownFileType = sourcecode.swift; path = RMSettingsViewController.swift; sourceTree = "<group>"; };
		ADDCDD0329AA29B100AA0EAD /* RMService.swift */ = {isa = PBXFileReference; lastKnownFileType = sourcecode.swift; path = RMService.swift; sourceTree = "<group>"; };
		ADDCDD0529AA29D200AA0EAD /* RMRequest.swift */ = {isa = PBXFileReference; lastKnownFileType = sourcecode.swift; path = RMRequest.swift; sourceTree = "<group>"; };
		ADDCDD0729AA2AC400AA0EAD /* RMEndpoint.swift */ = {isa = PBXFileReference; lastKnownFileType = sourcecode.swift; path = RMEndpoint.swift; sourceTree = "<group>"; };
		ADDCDD0929AA32A900AA0EAD /* RMOrigin.swift */ = {isa = PBXFileReference; lastKnownFileType = sourcecode.swift; path = RMOrigin.swift; sourceTree = "<group>"; };
		ADDCDD0B29AA333A00AA0EAD /* RMSingleLocation.swift */ = {isa = PBXFileReference; lastKnownFileType = sourcecode.swift; path = RMSingleLocation.swift; sourceTree = "<group>"; };
		ADDCDD0F29AA7F4200AA0EAD /* RMGetAllCharactersResponse.swift */ = {isa = PBXFileReference; lastKnownFileType = sourcecode.swift; path = RMGetAllCharactersResponse.swift; sourceTree = "<group>"; };
		ADDCDD1129AA8BF800AA0EAD /* RMCharacterListViewViewModel.swift */ = {isa = PBXFileReference; lastKnownFileType = sourcecode.swift; path = RMCharacterListViewViewModel.swift; sourceTree = "<group>"; };
		ADDCDD1329AA8C9B00AA0EAD /* RMCharacterListView.swift */ = {isa = PBXFileReference; lastKnownFileType = sourcecode.swift; path = RMCharacterListView.swift; sourceTree = "<group>"; };
		ADDCDD1529AA90A400AA0EAD /* Extensions.swift */ = {isa = PBXFileReference; lastKnownFileType = sourcecode.swift; path = Extensions.swift; sourceTree = "<group>"; };
		ADDCDD1729AA978B00AA0EAD /* RmCharacterCollectionViewCell.swift */ = {isa = PBXFileReference; lastKnownFileType = sourcecode.swift; path = RmCharacterCollectionViewCell.swift; sourceTree = "<group>"; };
		ADDCDD1929AA98AF00AA0EAD /* RmCharacterCollectionViewCellViewModel.swift */ = {isa = PBXFileReference; lastKnownFileType = sourcecode.swift; path = RmCharacterCollectionViewCellViewModel.swift; sourceTree = "<group>"; };
		ADDCDD1B29AB38DE00AA0EAD /* RMCharacterDetailViewController.swift */ = {isa = PBXFileReference; lastKnownFileType = sourcecode.swift; path = RMCharacterDetailViewController.swift; sourceTree = "<group>"; };
		ADDCDD1E29AB3D8400AA0EAD /* RMCharacterDetailView.swift */ = {isa = PBXFileReference; lastKnownFileType = sourcecode.swift; path = RMCharacterDetailView.swift; sourceTree = "<group>"; };
		ADDCDD2029AB3DC500AA0EAD /* RMCharacterDetailViewViewModel.swift */ = {isa = PBXFileReference; lastKnownFileType = sourcecode.swift; path = RMCharacterDetailViewViewModel.swift; sourceTree = "<group>"; };
		ADDCDD2229AB466E00AA0EAD /* RMFooterLoadingCollectionReusableView.swift */ = {isa = PBXFileReference; lastKnownFileType = sourcecode.swift; path = RMFooterLoadingCollectionReusableView.swift; sourceTree = "<group>"; };
		ADDCDD2429AB956100AA0EAD /* RMImageLoader.swift */ = {isa = PBXFileReference; lastKnownFileType = sourcecode.swift; path = RMImageLoader.swift; sourceTree = "<group>"; };
/* End PBXFileReference section */

/* Begin PBXFrameworksBuildPhase section */
		ADDCDCD329AA110F00AA0EAD /* Frameworks */ = {
			isa = PBXFrameworksBuildPhase;
			buildActionMask = 2147483647;
			files = (
			);
			runOnlyForDeploymentPostprocessing = 0;
		};
/* End PBXFrameworksBuildPhase section */

/* Begin PBXGroup section */
		ADDCDCCD29AA110F00AA0EAD = {
			isa = PBXGroup;
			children = (
				ADDCDCD829AA110F00AA0EAD /* RickAndMorty */,
				ADDCDCD729AA110F00AA0EAD /* Products */,
			);
			sourceTree = "<group>";
		};
		ADDCDCD729AA110F00AA0EAD /* Products */ = {
			isa = PBXGroup;
			children = (
				ADDCDCD629AA110F00AA0EAD /* RickAndMorty.app */,
			);
			name = Products;
			sourceTree = "<group>";
		};
		ADDCDCD829AA110F00AA0EAD /* RickAndMorty */ = {
			isa = PBXGroup;
			children = (
				ADDCDCF329AA150A00AA0EAD /* Resources */,
				ADDCDCF229AA150200AA0EAD /* Managers */,
				ADDCDCF129AA14EB00AA0EAD /* API Client */,
				ADDCDCF029AA14E200AA0EAD /* ViewModels */,
				ADDCDCEF29AA14D300AA0EAD /* Views */,
				ADDCDCEE29AA14CB00AA0EAD /* Models */,
				ADDCDCED29AA14B700AA0EAD /* Controllers */,
				ADDCDCE729AA111400AA0EAD /* Info.plist */,
			);
			path = RickAndMorty;
			sourceTree = "<group>";
		};
		ADDCDCED29AA14B700AA0EAD /* Controllers */ = {
			isa = PBXGroup;
			children = (
				ADDCDCFA29AA16F900AA0EAD /* Core */,
				ADDCDD1D29AB38E700AA0EAD /* Other */,
			);
			path = Controllers;
			sourceTree = "<group>";
		};
		ADDCDCEE29AA14CB00AA0EAD /* Models */ = {
			isa = PBXGroup;
			children = (
				ADDCDD0E29AA7F0E00AA0EAD /* APIResponseTypes */,
				ADDCDD0D29AA7EFE00AA0EAD /* DataTypes */,
			);
			path = Models;
			sourceTree = "<group>";
		};
		ADDCDCEF29AA14D300AA0EAD /* Views */ = {
			isa = PBXGroup;
			children = (
				ADDCDD1329AA8C9B00AA0EAD /* RMCharacterListView.swift */,
				ADDCDD1729AA978B00AA0EAD /* RmCharacterCollectionViewCell.swift */,
				ADDCDD1E29AB3D8400AA0EAD /* RMCharacterDetailView.swift */,
				ADDCDD2229AB466E00AA0EAD /* RMFooterLoadingCollectionReusableView.swift */,
			);
			path = Views;
			sourceTree = "<group>";
		};
		ADDCDCF029AA14E200AA0EAD /* ViewModels */ = {
			isa = PBXGroup;
			children = (
				ADDCDD1129AA8BF800AA0EAD /* RMCharacterListViewViewModel.swift */,
				ADDCDD1929AA98AF00AA0EAD /* RmCharacterCollectionViewCellViewModel.swift */,
				ADDCDD2029AB3DC500AA0EAD /* RMCharacterDetailViewViewModel.swift */,
			);
			path = ViewModels;
			sourceTree = "<group>";
		};
		ADDCDCF129AA14EB00AA0EAD /* API Client */ = {
			isa = PBXGroup;
			children = (
				ADDCDD0329AA29B100AA0EAD /* RMService.swift */,
				ADDCDD0529AA29D200AA0EAD /* RMRequest.swift */,
				ADDCDD0729AA2AC400AA0EAD /* RMEndpoint.swift */,
			);
			path = "API Client";
			sourceTree = "<group>";
		};
		ADDCDCF229AA150200AA0EAD /* Managers */ = {
			isa = PBXGroup;
			children = (
				ADDCDD2429AB956100AA0EAD /* RMImageLoader.swift */,
			);
			path = Managers;
			sourceTree = "<group>";
		};
		ADDCDCF329AA150A00AA0EAD /* Resources */ = {
			isa = PBXGroup;
			children = (
				ADDCDCD929AA110F00AA0EAD /* AppDelegate.swift */,
				ADDCDCDB29AA110F00AA0EAD /* SceneDelegate.swift */,
				ADDCDCE229AA111400AA0EAD /* Assets.xcassets */,
				ADDCDCE429AA111400AA0EAD /* LaunchScreen.storyboard */,
				ADDCDD1529AA90A400AA0EAD /* Extensions.swift */,
			);
			path = Resources;
			sourceTree = "<group>";
		};
		ADDCDCFA29AA16F900AA0EAD /* Core */ = {
			isa = PBXGroup;
			children = (
				ADDCDCDD29AA110F00AA0EAD /* RMTabBarController.swift */,
				ADDCDCFB29AA172D00AA0EAD /* RMEpisodeViewController.swift */,
				ADDCDCFD29AA173A00AA0EAD /* RMCharacterViewController.swift */,
				ADDCDCFF29AA174600AA0EAD /* RMLocationViewController.swift */,
				ADDCDD0129AA176700AA0EAD /* RMSettingsViewController.swift */,
			);
			path = Core;
			sourceTree = "<group>";
		};
		ADDCDD0D29AA7EFE00AA0EAD /* DataTypes */ = {
			isa = PBXGroup;
			children = (
				ADDCDCF429AA164600AA0EAD /* RMLocation.swift */,
				ADDCDCF629AA165400AA0EAD /* RMCharacter.swift */,
				ADDCDCF829AA166B00AA0EAD /* RMEpisode.swift */,
				ADDCDD0929AA32A900AA0EAD /* RMOrigin.swift */,
				ADDCDD0B29AA333A00AA0EAD /* RMSingleLocation.swift */,
			);
			path = DataTypes;
			sourceTree = "<group>";
		};
		ADDCDD0E29AA7F0E00AA0EAD /* APIResponseTypes */ = {
			isa = PBXGroup;
			children = (
				ADDCDD0F29AA7F4200AA0EAD /* RMGetAllCharactersResponse.swift */,
			);
			path = APIResponseTypes;
			sourceTree = "<group>";
		};
		ADDCDD1D29AB38E700AA0EAD /* Other */ = {
			isa = PBXGroup;
			children = (
				ADDCDD1B29AB38DE00AA0EAD /* RMCharacterDetailViewController.swift */,
			);
			path = Other;
			sourceTree = "<group>";
		};
/* End PBXGroup section */

/* Begin PBXNativeTarget section */
		ADDCDCD529AA110F00AA0EAD /* RickAndMorty */ = {
			isa = PBXNativeTarget;
			buildConfigurationList = ADDCDCEA29AA111400AA0EAD /* Build configuration list for PBXNativeTarget "RickAndMorty" */;
			buildPhases = (
				ADDCDCD229AA110F00AA0EAD /* Sources */,
				ADDCDCD329AA110F00AA0EAD /* Frameworks */,
				ADDCDCD429AA110F00AA0EAD /* Resources */,
			);
			buildRules = (
			);
			dependencies = (
			);
			name = RickAndMorty;
			productName = RickAndMorty;
			productReference = ADDCDCD629AA110F00AA0EAD /* RickAndMorty.app */;
			productType = "com.apple.product-type.application";
		};
/* End PBXNativeTarget section */

/* Begin PBXProject section */
		ADDCDCCE29AA110F00AA0EAD /* Project object */ = {
			isa = PBXProject;
			attributes = {
				BuildIndependentTargetsInParallel = 1;
				LastSwiftUpdateCheck = 1410;
				LastUpgradeCheck = 1410;
				TargetAttributes = {
					ADDCDCD529AA110F00AA0EAD = {
						CreatedOnToolsVersion = 14.1;
					};
				};
			};
			buildConfigurationList = ADDCDCD129AA110F00AA0EAD /* Build configuration list for PBXProject "RickAndMorty" */;
			compatibilityVersion = "Xcode 13.0";
			developmentRegion = en;
			hasScannedForEncodings = 0;
			knownRegions = (
				en,
				Base,
			);
			mainGroup = ADDCDCCD29AA110F00AA0EAD;
			productRefGroup = ADDCDCD729AA110F00AA0EAD /* Products */;
			projectDirPath = "";
			projectRoot = "";
			targets = (
				ADDCDCD529AA110F00AA0EAD /* RickAndMorty */,
			);
		};
/* End PBXProject section */

/* Begin PBXResourcesBuildPhase section */
		ADDCDCD429AA110F00AA0EAD /* Resources */ = {
			isa = PBXResourcesBuildPhase;
			buildActionMask = 2147483647;
			files = (
				ADDCDCE629AA111400AA0EAD /* LaunchScreen.storyboard in Resources */,
				ADDCDCE329AA111400AA0EAD /* Assets.xcassets in Resources */,
			);
			runOnlyForDeploymentPostprocessing = 0;
		};
/* End PBXResourcesBuildPhase section */

/* Begin PBXSourcesBuildPhase section */
		ADDCDCD229AA110F00AA0EAD /* Sources */ = {
			isa = PBXSourcesBuildPhase;
			buildActionMask = 2147483647;
			files = (
				ADDCDD0A29AA32A900AA0EAD /* RMOrigin.swift in Sources */,
				ADDCDD0C29AA333A00AA0EAD /* RMSingleLocation.swift in Sources */,
				ADDCDD1C29AB38DE00AA0EAD /* RMCharacterDetailViewController.swift in Sources */,
				ADDCDD1229AA8BF800AA0EAD /* RMCharacterListViewViewModel.swift in Sources */,
				ADDCDD1F29AB3D8400AA0EAD /* RMCharacterDetailView.swift in Sources */,
				ADDCDD1429AA8C9B00AA0EAD /* RMCharacterListView.swift in Sources */,
				ADDCDD0029AA174600AA0EAD /* RMLocationViewController.swift in Sources */,
				ADDCDCF929AA166B00AA0EAD /* RMEpisode.swift in Sources */,
				ADDCDD1029AA7F4200AA0EAD /* RMGetAllCharactersResponse.swift in Sources */,
				ADDCDD1629AA90A400AA0EAD /* Extensions.swift in Sources */,
				ADDCDD1A29AA98AF00AA0EAD /* RmCharacterCollectionViewCellViewModel.swift in Sources */,
				ADDCDCFC29AA172D00AA0EAD /* RMEpisodeViewController.swift in Sources */,
				ADDCDCDE29AA110F00AA0EAD /* RMTabBarController.swift in Sources */,
				ADDCDD2129AB3DC500AA0EAD /* RMCharacterDetailViewViewModel.swift in Sources */,
				ADDCDCDA29AA110F00AA0EAD /* AppDelegate.swift in Sources */,
				ADDCDCDC29AA110F00AA0EAD /* SceneDelegate.swift in Sources */,
				ADDCDD0229AA176700AA0EAD /* RMSettingsViewController.swift in Sources */,
				ADDCDD0429AA29B100AA0EAD /* RMService.swift in Sources */,
				ADDCDCFE29AA173A00AA0EAD /* RMCharacterViewController.swift in Sources */,
				ADDCDD0829AA2AC400AA0EAD /* RMEndpoint.swift in Sources */,
				ADDCDCF529AA164600AA0EAD /* RMLocation.swift in Sources */,
				ADDCDD2529AB956100AA0EAD /* RMImageLoader.swift in Sources */,
				ADDCDD2329AB466E00AA0EAD /* RMFooterLoadingCollectionReusableView.swift in Sources */,
				ADDCDD1829AA978B00AA0EAD /* RmCharacterCollectionViewCell.swift in Sources */,
				ADDCDD0629AA29D200AA0EAD /* RMRequest.swift in Sources */,
				ADDCDCF729AA165400AA0EAD /* RMCharacter.swift in Sources */,
			);
			runOnlyForDeploymentPostprocessing = 0;
		};
/* End PBXSourcesBuildPhase section */

/* Begin PBXVariantGroup section */
		ADDCDCE429AA111400AA0EAD /* LaunchScreen.storyboard */ = {
			isa = PBXVariantGroup;
			children = (
				ADDCDCE529AA111400AA0EAD /* Base */,
			);
			name = LaunchScreen.storyboard;
			sourceTree = "<group>";
		};
/* End PBXVariantGroup section */

/* Begin XCBuildConfiguration section */
		ADDCDCE829AA111400AA0EAD /* Debug */ = {
			isa = XCBuildConfiguration;
			buildSettings = {
				ALWAYS_SEARCH_USER_PATHS = NO;
				CLANG_ANALYZER_NONNULL = YES;
				CLANG_ANALYZER_NUMBER_OBJECT_CONVERSION = YES_AGGRESSIVE;
				CLANG_CXX_LANGUAGE_STANDARD = "gnu++20";
				CLANG_ENABLE_MODULES = YES;
				CLANG_ENABLE_OBJC_ARC = YES;
				CLANG_ENABLE_OBJC_WEAK = YES;
				CLANG_WARN_BLOCK_CAPTURE_AUTORELEASING = YES;
				CLANG_WARN_BOOL_CONVERSION = YES;
				CLANG_WARN_COMMA = YES;
				CLANG_WARN_CONSTANT_CONVERSION = YES;
				CLANG_WARN_DEPRECATED_OBJC_IMPLEMENTATIONS = YES;
				CLANG_WARN_DIRECT_OBJC_ISA_USAGE = YES_ERROR;
				CLANG_WARN_DOCUMENTATION_COMMENTS = YES;
				CLANG_WARN_EMPTY_BODY = YES;
				CLANG_WARN_ENUM_CONVERSION = YES;
				CLANG_WARN_INFINITE_RECURSION = YES;
				CLANG_WARN_INT_CONVERSION = YES;
				CLANG_WARN_NON_LITERAL_NULL_CONVERSION = YES;
				CLANG_WARN_OBJC_IMPLICIT_RETAIN_SELF = YES;
				CLANG_WARN_OBJC_LITERAL_CONVERSION = YES;
				CLANG_WARN_OBJC_ROOT_CLASS = YES_ERROR;
				CLANG_WARN_QUOTED_INCLUDE_IN_FRAMEWORK_HEADER = YES;
				CLANG_WARN_RANGE_LOOP_ANALYSIS = YES;
				CLANG_WARN_STRICT_PROTOTYPES = YES;
				CLANG_WARN_SUSPICIOUS_MOVE = YES;
				CLANG_WARN_UNGUARDED_AVAILABILITY = YES_AGGRESSIVE;
				CLANG_WARN_UNREACHABLE_CODE = YES;
				CLANG_WARN__DUPLICATE_METHOD_MATCH = YES;
				COPY_PHASE_STRIP = NO;
				DEBUG_INFORMATION_FORMAT = dwarf;
				ENABLE_STRICT_OBJC_MSGSEND = YES;
				ENABLE_TESTABILITY = YES;
				GCC_C_LANGUAGE_STANDARD = gnu11;
				GCC_DYNAMIC_NO_PIC = NO;
				GCC_NO_COMMON_BLOCKS = YES;
				GCC_OPTIMIZATION_LEVEL = 0;
				GCC_PREPROCESSOR_DEFINITIONS = (
					"DEBUG=1",
					"$(inherited)",
				);
				GCC_WARN_64_TO_32_BIT_CONVERSION = YES;
				GCC_WARN_ABOUT_RETURN_TYPE = YES_ERROR;
				GCC_WARN_UNDECLARED_SELECTOR = YES;
				GCC_WARN_UNINITIALIZED_AUTOS = YES_AGGRESSIVE;
				GCC_WARN_UNUSED_FUNCTION = YES;
				GCC_WARN_UNUSED_VARIABLE = YES;
				IPHONEOS_DEPLOYMENT_TARGET = 16.1;
				MTL_ENABLE_DEBUG_INFO = INCLUDE_SOURCE;
				MTL_FAST_MATH = YES;
				ONLY_ACTIVE_ARCH = YES;
				SDKROOT = iphoneos;
				SWIFT_ACTIVE_COMPILATION_CONDITIONS = DEBUG;
				SWIFT_OPTIMIZATION_LEVEL = "-Onone";
			};
			name = Debug;
		};
		ADDCDCE929AA111400AA0EAD /* Release */ = {
			isa = XCBuildConfiguration;
			buildSettings = {
				ALWAYS_SEARCH_USER_PATHS = NO;
				CLANG_ANALYZER_NONNULL = YES;
				CLANG_ANALYZER_NUMBER_OBJECT_CONVERSION = YES_AGGRESSIVE;
				CLANG_CXX_LANGUAGE_STANDARD = "gnu++20";
				CLANG_ENABLE_MODULES = YES;
				CLANG_ENABLE_OBJC_ARC = YES;
				CLANG_ENABLE_OBJC_WEAK = YES;
				CLANG_WARN_BLOCK_CAPTURE_AUTORELEASING = YES;
				CLANG_WARN_BOOL_CONVERSION = YES;
				CLANG_WARN_COMMA = YES;
				CLANG_WARN_CONSTANT_CONVERSION = YES;
				CLANG_WARN_DEPRECATED_OBJC_IMPLEMENTATIONS = YES;
				CLANG_WARN_DIRECT_OBJC_ISA_USAGE = YES_ERROR;
				CLANG_WARN_DOCUMENTATION_COMMENTS = YES;
				CLANG_WARN_EMPTY_BODY = YES;
				CLANG_WARN_ENUM_CONVERSION = YES;
				CLANG_WARN_INFINITE_RECURSION = YES;
				CLANG_WARN_INT_CONVERSION = YES;
				CLANG_WARN_NON_LITERAL_NULL_CONVERSION = YES;
				CLANG_WARN_OBJC_IMPLICIT_RETAIN_SELF = YES;
				CLANG_WARN_OBJC_LITERAL_CONVERSION = YES;
				CLANG_WARN_OBJC_ROOT_CLASS = YES_ERROR;
				CLANG_WARN_QUOTED_INCLUDE_IN_FRAMEWORK_HEADER = YES;
				CLANG_WARN_RANGE_LOOP_ANALYSIS = YES;
				CLANG_WARN_STRICT_PROTOTYPES = YES;
				CLANG_WARN_SUSPICIOUS_MOVE = YES;
				CLANG_WARN_UNGUARDED_AVAILABILITY = YES_AGGRESSIVE;
				CLANG_WARN_UNREACHABLE_CODE = YES;
				CLANG_WARN__DUPLICATE_METHOD_MATCH = YES;
				COPY_PHASE_STRIP = NO;
				DEBUG_INFORMATION_FORMAT = "dwarf-with-dsym";
				ENABLE_NS_ASSERTIONS = NO;
				ENABLE_STRICT_OBJC_MSGSEND = YES;
				GCC_C_LANGUAGE_STANDARD = gnu11;
				GCC_NO_COMMON_BLOCKS = YES;
				GCC_WARN_64_TO_32_BIT_CONVERSION = YES;
				GCC_WARN_ABOUT_RETURN_TYPE = YES_ERROR;
				GCC_WARN_UNDECLARED_SELECTOR = YES;
				GCC_WARN_UNINITIALIZED_AUTOS = YES_AGGRESSIVE;
				GCC_WARN_UNUSED_FUNCTION = YES;
				GCC_WARN_UNUSED_VARIABLE = YES;
				IPHONEOS_DEPLOYMENT_TARGET = 16.1;
				MTL_ENABLE_DEBUG_INFO = NO;
				MTL_FAST_MATH = YES;
				SDKROOT = iphoneos;
				SWIFT_COMPILATION_MODE = wholemodule;
				SWIFT_OPTIMIZATION_LEVEL = "-O";
				VALIDATE_PRODUCT = YES;
			};
			name = Release;
		};
		ADDCDCEB29AA111400AA0EAD /* Debug */ = {
			isa = XCBuildConfiguration;
			buildSettings = {
				ASSETCATALOG_COMPILER_APPICON_NAME = AppIcon;
				ASSETCATALOG_COMPILER_GLOBAL_ACCENT_COLOR_NAME = AccentColor;
				CODE_SIGN_STYLE = Automatic;
				CURRENT_PROJECT_VERSION = 1;
				GENERATE_INFOPLIST_FILE = YES;
				INFOPLIST_FILE = RickAndMorty/Info.plist;
				INFOPLIST_KEY_UIApplicationSupportsIndirectInputEvents = YES;
				INFOPLIST_KEY_UILaunchStoryboardName = LaunchScreen;
				INFOPLIST_KEY_UISupportedInterfaceOrientations_iPad = "UIInterfaceOrientationPortrait UIInterfaceOrientationPortraitUpsideDown UIInterfaceOrientationLandscapeLeft UIInterfaceOrientationLandscapeRight";
				INFOPLIST_KEY_UISupportedInterfaceOrientations_iPhone = "UIInterfaceOrientationPortrait UIInterfaceOrientationLandscapeLeft UIInterfaceOrientationLandscapeRight";
				LD_RUNPATH_SEARCH_PATHS = (
					"$(inherited)",
					"@executable_path/Frameworks",
				);
				MARKETING_VERSION = 1.0;
				PRODUCT_BUNDLE_IDENTIFIER = "Amnet-Digital.RickAndMorty";
				PRODUCT_NAME = "$(TARGET_NAME)";
				SWIFT_EMIT_LOC_STRINGS = YES;
				SWIFT_VERSION = 5.0;
				TARGETED_DEVICE_FAMILY = "1,2";
			};
			name = Debug;
		};
		ADDCDCEC29AA111400AA0EAD /* Release */ = {
			isa = XCBuildConfiguration;
			buildSettings = {
				ASSETCATALOG_COMPILER_APPICON_NAME = AppIcon;
				ASSETCATALOG_COMPILER_GLOBAL_ACCENT_COLOR_NAME = AccentColor;
				CODE_SIGN_STYLE = Automatic;
				CURRENT_PROJECT_VERSION = 1;
				GENERATE_INFOPLIST_FILE = YES;
				INFOPLIST_FILE = RickAndMorty/Info.plist;
				INFOPLIST_KEY_UIApplicationSupportsIndirectInputEvents = YES;
				INFOPLIST_KEY_UILaunchStoryboardName = LaunchScreen;
				INFOPLIST_KEY_UISupportedInterfaceOrientations_iPad = "UIInterfaceOrientationPortrait UIInterfaceOrientationPortraitUpsideDown UIInterfaceOrientationLandscapeLeft UIInterfaceOrientationLandscapeRight";
				INFOPLIST_KEY_UISupportedInterfaceOrientations_iPhone = "UIInterfaceOrientationPortrait UIInterfaceOrientationLandscapeLeft UIInterfaceOrientationLandscapeRight";
				LD_RUNPATH_SEARCH_PATHS = (
					"$(inherited)",
					"@executable_path/Frameworks",
				);
				MARKETING_VERSION = 1.0;
				PRODUCT_BUNDLE_IDENTIFIER = "Amnet-Digital.RickAndMorty";
				PRODUCT_NAME = "$(TARGET_NAME)";
				SWIFT_EMIT_LOC_STRINGS = YES;
				SWIFT_VERSION = 5.0;
				TARGETED_DEVICE_FAMILY = "1,2";
			};
			name = Release;
		};
/* End XCBuildConfiguration section */

/* Begin XCConfigurationList section */
		ADDCDCD129AA110F00AA0EAD /* Build configuration list for PBXProject "RickAndMorty" */ = {
			isa = XCConfigurationList;
			buildConfigurations = (
				ADDCDCE829AA111400AA0EAD /* Debug */,
				ADDCDCE929AA111400AA0EAD /* Release */,
			);
			defaultConfigurationIsVisible = 0;
			defaultConfigurationName = Release;
		};
		ADDCDCEA29AA111400AA0EAD /* Build configuration list for PBXNativeTarget "RickAndMorty" */ = {
			isa = XCConfigurationList;
			buildConfigurations = (
				ADDCDCEB29AA111400AA0EAD /* Debug */,
				ADDCDCEC29AA111400AA0EAD /* Release */,
			);
			defaultConfigurationIsVisible = 0;
			defaultConfigurationName = Release;
		};
/* End XCConfigurationList section */
	};
	rootObject = ADDCDCCE29AA110F00AA0EAD /* Project object */;
}
